
Microsoft Visual Studio Solution File, Format Version 12.00
# Visual Studio Version 17
VisualStudioVersion = 17.6.33712.159
MinimumVisualStudioVersion = 10.0.40219.1
Project("{FAE04EC0-301F-11D3-BF4B-00C04F79EFBC}") = "RealStateCompanyApplication", "RealStateCompanyApplication\RealStateCompanyApplication.csproj", "{5CA1ED90-2605-48AD-A75A-21491E9B1847}"
EndProject
Project("{FAE04EC0-301F-11D3-BF4B-00C04F79EFBC}") = "RealStateCompanyTests", "RealStateCompanyTests\RealStateCompanyTests.csproj", "{E187677C-82F7-40E2-8733-E32F817E6DAB}"
EndProject
Global
	GlobalSection(SolutionConfigurationPlatforms) = preSolution
		Debug|Any CPU = Debug|Any CPU
		Release|Any CPU = Release|Any CPU
	EndGlobalSection
	GlobalSection(ProjectConfigurationPlatforms) = postSolution
		{5CA1ED90-2605-48AD-A75A-21491E9B1847}.Debug|Any CPU.ActiveCfg = Debug|Any CPU
		{5CA1ED90-2605-48AD-A75A-21491E9B1847}.Debug|Any CPU.Build.0 = Debug|Any CPU
		{5CA1ED90-2605-48AD-A75A-21491E9B1847}.Release|Any CPU.ActiveCfg = Release|Any CPU
		{5CA1ED90-2605-48AD-A75A-21491E9B1847}.Release|Any CPU.Build.0 = Release|Any CPU
		{E187677C-82F7-40E2-8733-E32F817E6DAB}.Debug|Any CPU.ActiveCfg = Debug|Any CPU
		{E187677C-82F7-40E2-8733-E32F817E6DAB}.Debug|Any CPU.Build.0 = Debug|Any CPU
		{E187677C-82F7-40E2-8733-E32F817E6DAB}.Release|Any CPU.ActiveCfg = Release|Any CPU
		{E187677C-82F7-40E2-8733-E32F817E6DAB}.Release|Any CPU.Build.0 = Release|Any CPU
	EndGlobalSection
	GlobalSection(SolutionProperties) = preSolution
		HideSolutionNode = FALSE
	EndGlobalSection
	GlobalSection(ExtensibilityGlobals) = postSolution
		SolutionGuid = {5B9DA5C5-5ECB-4A75-A3AA-53B1CD51F850}
	EndGlobalSection
EndGlobal
